<?xml version="1.0" encoding="utf-8"?>
<Project ToolsVersion="4.0" xmlns="http://schemas.microsoft.com/developer/msbuild/2003">
  <ItemGroup>
    <Filter Include="Source Files">
      <UniqueIdentifier>{4FC737F1-C7A5-4376-A066-2A32D752A2FF}</UniqueIdentifier>
      <Extensions>cpp;c;cc;cxx;def;odl;idl;hpj;bat;asm;asmx</Extensions>
    </Filter>
    <Filter Include="Header Files">
      <UniqueIdentifier>{93995380-89BD-4b04-88EB-625FBE52EBFB}</UniqueIdentifier>
      <Extensions>h;hh;hpp;hxx;hm;inl;inc;xsd</Extensions>
    </Filter>
  </ItemGroup>
  <ItemGroup>
    <ClInclude Include="include\GLShader.h">
      <Filter>Header Files</Filter>
    </ClInclude>
    <ClInclude Include="include\GLShaderProgram.h">
      <Filter>Header Files</Filter>
    </ClInclude>
    <ClInclude Include="include\GLFWApplication.h">
      <Filter>Header Files</Filter>
    </ClInclude>
    <ClInclude Include="include\GLBufferObject.h">
      <Filter>Header Files</Filter>
    </ClInclude>
    <ClInclude Include="include\GLVertexArrayObject.h">
      <Filter>Header Files</Filter>
    </ClInclude>
    <ClInclude Include="include\GLFPSCamera.h">
      <Filter>Header Files</Filter>
    </ClInclude>
    <ClInclude Include="include\GLCamera.h">
      <Filter>Header Files</Filter>
    </ClInclude>
    <ClInclude Include="include\GLMesh.h">
      <Filter>Header Files</Filter>
    </ClInclude>
    <ClInclude Include="include\GLDirectionalLight.h">
      <Filter>Header Files</Filter>
    </ClInclude>
    <ClInclude Include="include\GLPointLight.h">
      <Filter>Header Files</Filter>
    </ClInclude>
    <ClInclude Include="include\GLSpotLight.h">
      <Filter>Header Files</Filter>
    </ClInclude>
    <ClInclude Include="include\GLCube.h">
      <Filter>Header Files</Filter>
    </ClInclude>
    <ClInclude Include="include\GLSphere.h">
      <Filter>Header Files</Filter>
    </ClInclude>
    <ClInclude Include="include\GLSkyBox.h">
      <Filter>Header Files</Filter>
    </ClInclude>
    <ClInclude Include="include\GLTargetCamera.h">
      <Filter>Header Files</Filter>
    </ClInclude>
    <ClInclude Include="include\GLTexture.h">
      <Filter>Header Files</Filter>
    </ClInclude>
    <ClInclude Include="include\GLFrameBufferObject.h">
      <Filter>Header Files</Filter>
    </ClInclude>
    <ClInclude Include="include\GLPlane.h">
      <Filter>Header Files</Filter>
    </ClInclude>
    <ClInclude Include="include\GLMaterial.h">
      <Filter>Header Files</Filter>
    </ClInclude>
    <ClInclude Include="include\GLModel.h">
      <Filter>Header Files</Filter>
    </ClInclude>
    <ClInclude Include="include\GLLight.h">
      <Filter>Header Files</Filter>
    </ClInclude>
    <ClInclude Include="include\GLCurves.h">
      <Filter>Header Files</Filter>
    </ClInclude>
    <ClInclude Include="include\GLBoundingBox.h">
      <Filter>Header Files</Filter>
    </ClInclude>
    <ClInclude Include="include\GLCurvePath.h">
      <Filter>Header Files</Filter>
    </ClInclude>
    <ClInclude Include="include\GLText.h">
      <Filter>Header Files</Filter>
    </ClInclude>
  </ItemGroup>
  <ItemGroup>
    <ClCompile Include="src\GLShader.cpp">
      <Filter>Source Files</Filter>
    </ClCompile>
    <ClCompile Include="src\GLShaderProgram.cpp">
      <Filter>Source Files</Filter>
    </ClCompile>
    <ClCompile Include="src\GLFWApplication.cpp">
      <Filter>Source Files</Filter>
    </ClCompile>
    <ClCompile Include="src\GLBufferObject.cpp">
      <Filter>Source Files</Filter>
    </ClCompile>
    <ClCompile Include="src\GLVertexArrayObject.cpp">
      <Filter>Source Files</Filter>
    </ClCompile>
    <ClCompile Include="src\GLFPSCamera.cpp">
      <Filter>Source Files</Filter>
    </ClCompile>
    <ClCompile Include="src\GLCamera.cpp">
      <Filter>Source Files</Filter>
    </ClCompile>
    <ClCompile Include="src\GLMesh.cpp">
      <Filter>Source Files</Filter>
    </ClCompile>
    <ClCompile Include="src\GLDirectionalLight.cpp">
      <Filter>Source Files</Filter>
    </ClCompile>
    <ClCompile Include="src\GLPointLight.cpp">
      <Filter>Source Files</Filter>
    </ClCompile>
    <ClCompile Include="src\GLSpotLight.cpp">
      <Filter>Source Files</Filter>
    </ClCompile>
    <ClCompile Include="src\GLCube.cpp">
      <Filter>Source Files</Filter>
    </ClCompile>
    <ClCompile Include="src\GLSphere.cpp">
      <Filter>Source Files</Filter>
    </ClCompile>
    <ClCompile Include="src\GLSkyBox.cpp">
      <Filter>Source Files</Filter>
    </ClCompile>
    <ClCompile Include="src\GLTargetCamera.cpp">
      <Filter>Source Files</Filter>
    </ClCompile>
    <ClCompile Include="src\GLTexture.cpp">
      <Filter>Source Files</Filter>
    </ClCompile>
    <ClCompile Include="src\GLFrameBufferObject.cpp">
      <Filter>Source Files</Filter>
    </ClCompile>
    <ClCompile Include="src\GLPlane.cpp">
      <Filter>Source Files</Filter>
    </ClCompile>
    <ClCompile Include="src\GLMaterial.cpp">
      <Filter>Source Files</Filter>
    </ClCompile>
    <ClCompile Include="src\GLModel.cpp">
      <Filter>Source Files</Filter>
    </ClCompile>
    <ClCompile Include="src\GLLight.cpp">
      <Filter>Source Files</Filter>
    </ClCompile>
    <ClCompile Include="src\GLCurves.cpp">
      <Filter>Source Files</Filter>
    </ClCompile>
    <ClCompile Include="src\GLBoundingBox.cpp">
      <Filter>Source Files</Filter>
    </ClCompile>
    <ClCompile Include="src\GLCurvePath.cpp">
      <Filter>Source Files</Filter>
    </ClCompile>
    <ClCompile Include="src\GLText.cpp">
      <Filter>Source Files</Filter>
    </ClCompile>
  </ItemGroup>
</Project>